
Microsoft Visual Studio Solution File, Format Version 12.00
# Visual Studio 15
VisualStudioVersion = 15.0.27703.2035
MinimumVisualStudioVersion = 10.0.40219.1
Project("{FAE04EC0-301F-11D3-BF4B-00C04F79EFBC}") = "ResultViewerWPF", "ResultViewerWPF\ResultViewerWPF.csproj", "{339E4A84-6891-475B-B69A-E51EFC34198B}"
EndProject
Project("{FAE04EC0-301F-11D3-BF4B-00C04F79EFBC}") = "MovingObjectWPF", "GraphicsTestWPF\MovingObjectWPF.csproj", "{F7F927D9-0C0C-4A43-9233-7DF1E4E5B32B}"
EndProject
Project("{FAE04EC0-301F-11D3-BF4B-00C04F79EFBC}") = "AnimatedBackgroundWPF", "AnimatedBackgroundWPF\AnimatedBackgroundWPF.csproj", "{63318527-7250-483D-8BEA-A68703784E55}"
EndProject
Global
	GlobalSection(SolutionConfigurationPlatforms) = preSolution
		Debug|Any CPU = Debug|Any CPU
		Release|Any CPU = Release|Any CPU
	EndGlobalSection
	GlobalSection(ProjectConfigurationPlatforms) = postSolution
		{339E4A84-6891-475B-B69A-E51EFC34198B}.Debug|Any CPU.ActiveCfg = Debug|Any CPU
		{339E4A84-6891-475B-B69A-E51EFC34198B}.Debug|Any CPU.Build.0 = Debug|Any CPU
		{339E4A84-6891-475B-B69A-E51EFC34198B}.Release|Any CPU.ActiveCfg = Release|Any CPU
		{339E4A84-6891-475B-B69A-E51EFC34198B}.Release|Any CPU.Build.0 = Release|Any CPU
		{F7F927D9-0C0C-4A43-9233-7DF1E4E5B32B}.Debug|Any CPU.ActiveCfg = Debug|Any CPU
		{F7F927D9-0C0C-4A43-9233-7DF1E4E5B32B}.Debug|Any CPU.Build.0 = Debug|Any CPU
		{F7F927D9-0C0C-4A43-9233-7DF1E4E5B32B}.Release|Any CPU.ActiveCfg = Release|Any CPU
		{F7F927D9-0C0C-4A43-9233-7DF1E4E5B32B}.Release|Any CPU.Build.0 = Release|Any CPU
		{63318527-7250-483D-8BEA-A68703784E55}.Debug|Any CPU.ActiveCfg = Debug|Any CPU
		{63318527-7250-483D-8BEA-A68703784E55}.Debug|Any CPU.Build.0 = Debug|Any CPU
		{63318527-7250-483D-8BEA-A68703784E55}.Release|Any CPU.ActiveCfg = Release|Any CPU
		{63318527-7250-483D-8BEA-A68703784E55}.Release|Any CPU.Build.0 = Release|Any CPU
	EndGlobalSection
	GlobalSection(SolutionProperties) = preSolution
		HideSolutionNode = FALSE
	EndGlobalSection
	GlobalSection(ExtensibilityGlobals) = postSolution
		SolutionGuid = {51C48A27-3CE2-423A-873B-662957518FD6}
	EndGlobalSection
EndGlobal
